
Microsoft Visual Studio Solution File, Format Version 12.00
# Visual Studio Version 17
VisualStudioVersion = 17.10.35013.160
MinimumVisualStudioVersion = 10.0.40219.1
Project("{FAE04EC0-301F-11D3-BF4B-00C04F79EFBC}") = "MyWebApp", "MyWebApp\MyWebApp.csproj", "{98A1ABE8-D954-40FA-BD96-494669ECAC9C}"
EndProject
Global
	GlobalSection(SolutionConfigurationPlatforms) = preSolution
		Debug|Any CPU = Debug|Any CPU
		Release|Any CPU = Release|Any CPU
	EndGlobalSection
	GlobalSection(ProjectConfigurationPlatforms) = postSolution
		{98A1ABE8-D954-40FA-BD96-494669ECAC9C}.Debug|Any CPU.ActiveCfg = Debug|Any CPU
		{98A1ABE8-D954-40FA-BD96-494669ECAC9C}.Debug|Any CPU.Build.0 = Debug|Any CPU
		{98A1ABE8-D954-40FA-BD96-494669ECAC9C}.Release|Any CPU.ActiveCfg = Release|Any CPU
		{98A1ABE8-D954-40FA-BD96-494669ECAC9C}.Release|Any CPU.Build.0 = Release|Any CPU
	EndGlobalSection
	GlobalSection(SolutionProperties) = preSolution
		HideSolutionNode = FALSE
	EndGlobalSection
	GlobalSection(ExtensibilityGlobals) = postSolution
		SolutionGuid = {04FD9503-0432-447D-AF73-6E943D62246E}
	EndGlobalSection
EndGlobal
